
Microsoft Visual Studio Solution File, Format Version 12.00
# Visual Studio Version 17
VisualStudioVersion = 17.0.31903.59
MinimumVisualStudioVersion = 10.0.40219.1
Project("{FAE04EC0-301F-11D3-BF4B-00C04F79EFBC}") = "ConsoleApplication", "ConsoleApplication\ConsoleApplication.csproj", "{2C84F47F-3671-4E3E-A703-19BF6B36BE02}"
EndProject
Project("{FAE04EC0-301F-11D3-BF4B-00C04F79EFBC}") = "Service", "Service\Service.csproj", "{1BF469EF-8D24-43E4-AB48-FDE31EFB27A8}"
EndProject
Project("{FAE04EC0-301F-11D3-BF4B-00C04F79EFBC}") = "Infrastructure", "Infrastructure\Infrastructure.csproj", "{5AAC3AB0-6EC2-4440-9433-E2F26DE62512}"
EndProject
Project("{FAE04EC0-301F-11D3-BF4B-00C04F79EFBC}") = "Logger", "..\..\Packages\Logger\Logger.csproj", "{873403D0-9B99-478B-93EE-52BCE502B485}"
EndProject
Project("{FAE04EC0-301F-11D3-BF4B-00C04F79EFBC}") = "Events", "..\..\Packages\Events\Events.csproj", "{E4E957D4-3BB7-4ABF-9AB7-279495ED31F2}"
EndProject
Global
	GlobalSection(SolutionConfigurationPlatforms) = preSolution
		Debug|Any CPU = Debug|Any CPU
		Release|Any CPU = Release|Any CPU
	EndGlobalSection
	GlobalSection(SolutionProperties) = preSolution
		HideSolutionNode = FALSE
	EndGlobalSection
	GlobalSection(ProjectConfigurationPlatforms) = postSolution
		{2C84F47F-3671-4E3E-A703-19BF6B36BE02}.Debug|Any CPU.ActiveCfg = Debug|Any CPU
		{2C84F47F-3671-4E3E-A703-19BF6B36BE02}.Debug|Any CPU.Build.0 = Debug|Any CPU
		{2C84F47F-3671-4E3E-A703-19BF6B36BE02}.Release|Any CPU.ActiveCfg = Release|Any CPU
		{2C84F47F-3671-4E3E-A703-19BF6B36BE02}.Release|Any CPU.Build.0 = Release|Any CPU
		{1BF469EF-8D24-43E4-AB48-FDE31EFB27A8}.Debug|Any CPU.ActiveCfg = Debug|Any CPU
		{1BF469EF-8D24-43E4-AB48-FDE31EFB27A8}.Debug|Any CPU.Build.0 = Debug|Any CPU
		{1BF469EF-8D24-43E4-AB48-FDE31EFB27A8}.Release|Any CPU.ActiveCfg = Release|Any CPU
		{1BF469EF-8D24-43E4-AB48-FDE31EFB27A8}.Release|Any CPU.Build.0 = Release|Any CPU
		{5AAC3AB0-6EC2-4440-9433-E2F26DE62512}.Debug|Any CPU.ActiveCfg = Debug|Any CPU
		{5AAC3AB0-6EC2-4440-9433-E2F26DE62512}.Debug|Any CPU.Build.0 = Debug|Any CPU
		{5AAC3AB0-6EC2-4440-9433-E2F26DE62512}.Release|Any CPU.ActiveCfg = Release|Any CPU
		{5AAC3AB0-6EC2-4440-9433-E2F26DE62512}.Release|Any CPU.Build.0 = Release|Any CPU
		{873403D0-9B99-478B-93EE-52BCE502B485}.Debug|Any CPU.ActiveCfg = Debug|Any CPU
		{873403D0-9B99-478B-93EE-52BCE502B485}.Debug|Any CPU.Build.0 = Debug|Any CPU
		{873403D0-9B99-478B-93EE-52BCE502B485}.Release|Any CPU.ActiveCfg = Release|Any CPU
		{873403D0-9B99-478B-93EE-52BCE502B485}.Release|Any CPU.Build.0 = Release|Any CPU
		{E4E957D4-3BB7-4ABF-9AB7-279495ED31F2}.Debug|Any CPU.ActiveCfg = Debug|Any CPU
		{E4E957D4-3BB7-4ABF-9AB7-279495ED31F2}.Debug|Any CPU.Build.0 = Debug|Any CPU
		{E4E957D4-3BB7-4ABF-9AB7-279495ED31F2}.Release|Any CPU.ActiveCfg = Release|Any CPU
		{E4E957D4-3BB7-4ABF-9AB7-279495ED31F2}.Release|Any CPU.Build.0 = Release|Any CPU
	EndGlobalSection
EndGlobal
